// !$*UTF8*$!
{
	archiveVersion = 1;
	classes = {
	};
	objectVersion = 46;
	objects = {

/* Begin PBXBuildFile section */
		AB1743521F6484C400CA9AB3 /* AppDelegate.swift in Sources */ = {isa = PBXBuildFile; fileRef = AB1743511F6484C400CA9AB3 /* AppDelegate.swift */; };
		AB1743541F6484C400CA9AB3 /* ViewController.swift in Sources */ = {isa = PBXBuildFile; fileRef = AB1743531F6484C400CA9AB3 /* ViewController.swift */; };
		AB1743571F6484C400CA9AB3 /* Main.storyboard in Resources */ = {isa = PBXBuildFile; fileRef = AB1743551F6484C400CA9AB3 /* Main.storyboard */; };
		AB1743591F6484C400CA9AB3 /* Assets.xcassets in Resources */ = {isa = PBXBuildFile; fileRef = AB1743581F6484C400CA9AB3 /* Assets.xcassets */; };
		AB17435C1F6484C400CA9AB3 /* LaunchScreen.storyboard in Resources */ = {isa = PBXBuildFile; fileRef = AB17435A1F6484C400CA9AB3 /* LaunchScreen.storyboard */; };
/* End PBXBuildFile section */

/* Begin PBXFileReference section */
		AB17434E1F6484C400CA9AB3 /* PopoutAnimation.app */ = {isa = PBXFileReference; explicitFileType = wrapper.application; includeInIndex = 0; path = PopoutAnimation.app; sourceTree = BUILT_PRODUCTS_DIR; };
		AB1743511F6484C400CA9AB3 /* AppDelegate.swift */ = {isa = PBXFileReference; lastKnownFileType = sourcecode.swift; path = AppDelegate.swift; sourceTree = "<group>"; };
		AB1743531F6484C400CA9AB3 /* ViewController.swift */ = {isa = PBXFileReference; lastKnownFileType = sourcecode.swift; path = ViewController.swift; sourceTree = "<group>"; };
		AB1743561F6484C400CA9AB3 /* Base */ = {isa = PBXFileReference; lastKnownFileType = file.storyboard; name = Base; path = Base.lproj/Main.storyboard; sourceTree = "<group>"; };
		AB1743581F6484C400CA9AB3 /* Assets.xcassets */ = {isa = PBXFileReference; lastKnownFileType = folder.assetcatalog; path = Assets.xcassets; sourceTree = "<group>"; };
		AB17435B1F6484C400CA9AB3 /* Base */ = {isa = PBXFileReference; lastKnownFileType = file.storyboard; name = Base; path = Base.lproj/LaunchScreen.storyboard; sourceTree = "<group>"; };
		AB17435D1F6484C400CA9AB3 /* Info.plist */ = {isa = PBXFileReference; lastKnownFileType = text.plist.xml; path = Info.plist; sourceTree = "<group>"; };
/* End PBXFileReference section */

/* Begin PBXFrameworksBuildPhase section */
		AB17434B1F6484C400CA9AB3 /* Frameworks */ = {
			isa = PBXFrameworksBuildPhase;
			buildActionMask = 2147483647;
			files = (
			);
			runOnlyForDeploymentPostprocessing = 0;
		};
/* End PBXFrameworksBuildPhase section */

/* Begin PBXGroup section */
		AB1743451F6484C300CA9AB3 = {
			isa = PBXGroup;
			children = (
				AB1743501F6484C400CA9AB3 /* PopoutAnimation */,
				AB17434F1F6484C400CA9AB3 /* Products */,
			);
			sourceTree = "<group>";
		};
		AB17434F1F6484C400CA9AB3 /* Products */ = {
			isa = PBXGroup;
			children = (
				AB17434E1F6484C400CA9AB3 /* PopoutAnimation.app */,
			);
			name = Products;
			sourceTree = "<group>";
		};
		AB1743501F6484C400CA9AB3 /* PopoutAnimation */ = {
			isa = PBXGroup;
			children = (
				AB1743511F6484C400CA9AB3 /* AppDelegate.swift */,
				AB1743531F6484C400CA9AB3 /* ViewController.swift */,
				AB1743551F6484C400CA9AB3 /* Main.storyboard */,
				AB1743581F6484C400CA9AB3 /* Assets.xcassets */,
				AB17435A1F6484C400CA9AB3 /* LaunchScreen.storyboard */,
				AB17435D1F6484C400CA9AB3 /* Info.plist */,
			);
			path = PopoutAnimation;
			sourceTree = "<group>";
		};
/* End PBXGroup section */

/* Begin PBXNativeTarget section */
		AB17434D1F6484C400CA9AB3 /* PopoutAnimation */ = {
			isa = PBXNativeTarget;
			buildConfigurationList = AB1743601F6484C400CA9AB3 /* Build configuration list for PBXNativeTarget "PopoutAnimation" */;
			buildPhases = (
				AB17434A1F6484C400CA9AB3 /* Sources */,
				AB17434B1F6484C400CA9AB3 /* Frameworks */,
				AB17434C1F6484C400CA9AB3 /* Resources */,
			);
			buildRules = (
			);
			dependencies = (
			);
			name = PopoutAnimation;
			productName = PopoutAnimation;
			productReference = AB17434E1F6484C400CA9AB3 /* PopoutAnimation.app */;
			productType = "com.apple.product-type.application";
		};
/* End PBXNativeTarget section */

/* Begin PBXProject section */
		AB1743461F6484C300CA9AB3 /* Project object */ = {
			isa = PBXProject;
			attributes = {
				LastSwiftUpdateCheck = 0830;
				LastUpgradeCheck = 0830;
				ORGANIZATIONNAME = 14K;
				TargetAttributes = {
					AB17434D1F6484C400CA9AB3 = {
						CreatedOnToolsVersion = 8.3.3;
						ProvisioningStyle = Automatic;
					};
				};
			};
			buildConfigurationList = AB1743491F6484C300CA9AB3 /* Build configuration list for PBXProject "PopoutAnimation" */;
			compatibilityVersion = "Xcode 3.2";
			developmentRegion = English;
			hasScannedForEncodings = 0;
			knownRegions = (
				en,
				Base,
			);
			mainGroup = AB1743451F6484C300CA9AB3;
			productRefGroup = AB17434F1F6484C400CA9AB3 /* Products */;
			projectDirPath = "";
			projectRoot = "";
			targets = (
				AB17434D1F6484C400CA9AB3 /* PopoutAnimation */,
			);
		};
/* End PBXProject section */

/* Begin PBXResourcesBuildPhase section */
		AB17434C1F6484C400CA9AB3 /* Resources */ = {
			isa = PBXResourcesBuildPhase;
			buildActionMask = 2147483647;
			files = (
				AB17435C1F6484C400CA9AB3 /* LaunchScreen.storyboard in Resources */,
				AB1743591F6484C400CA9AB3 /* Assets.xcassets in Resources */,
				AB1743571F6484C400CA9AB3 /* Main.storyboard in Resources */,
			);
			runOnlyForDeploymentPostprocessing = 0;
		};
/* End PBXResourcesBuildPhase section */

/* Begin PBXSourcesBuildPhase section */
		AB17434A1F6484C400CA9AB3 /* Sources */ = {
			isa = PBXSourcesBuildPhase;
			buildActionMask = 2147483647;
			files = (
				AB1743541F6484C400CA9AB3 /* ViewController.swift in Sources */,
				AB1743521F6484C400CA9AB3 /* AppDelegate.swift in Sources */,
			);
			runOnlyForDeploymentPostprocessing = 0;
		};
/* End PBXSourcesBuildPhase section */

/* Begin PBXVariantGroup section */
		AB1743551F6484C400CA9AB3 /* Main.storyboard */ = {
			isa = PBXVariantGroup;
			children = (
				AB1743561F6484C400CA9AB3 /* Base */,
			);
			name = Main.storyboard;
			sourceTree = "<group>";
		};
		AB17435A1F6484C400CA9AB3 /* LaunchScreen.storyboard */ = {
			isa = PBXVariantGroup;
			children = (
				AB17435B1F6484C400CA9AB3 /* Base */,
			);
			name = LaunchScreen.storyboard;
			sourceTree = "<group>";
		};
/* End PBXVariantGroup section */

/* Begin XCBuildConfiguration section */
		AB17435E1F6484C400CA9AB3 /* Debug */ = {
			isa = XCBuildConfiguration;
			buildSettings = {
				ALWAYS_SEARCH_USER_PATHS = NO;
				CLANG_ANALYZER_NONNULL = YES;
				CLANG_ANALYZER_NUMBER_OBJECT_CONVERSION = YES_AGGRESSIVE;
				CLANG_CXX_LANGUAGE_STANDARD = "gnu++0x";
				CLANG_CXX_LIBRARY = "libc++";
				CLANG_ENABLE_MODULES = YES;
				CLANG_ENABLE_OBJC_ARC = YES;
				CLANG_WARN_BOOL_CONVERSION = YES;
				CLANG_WARN_CONSTANT_CONVERSION = YES;
				CLANG_WARN_DIRECT_OBJC_ISA_USAGE = YES_ERROR;
				CLANG_WARN_DOCUMENTATION_COMMENTS = YES;
				CLANG_WARN_EMPTY_BODY = YES;
				CLANG_WARN_ENUM_CONVERSION = YES;
				CLANG_WARN_INFINITE_RECURSION = YES;
				CLANG_WARN_INT_CONVERSION = YES;
				CLANG_WARN_OBJC_ROOT_CLASS = YES_ERROR;
				CLANG_WARN_SUSPICIOUS_MOVE = YES;
				CLANG_WARN_UNREACHABLE_CODE = YES;
				CLANG_WARN__DUPLICATE_METHOD_MATCH = YES;
				"CODE_SIGN_IDENTITY[sdk=iphoneos*]" = "iPhone Developer";
				COPY_PHASE_STRIP = NO;
				DEBUG_INFORMATION_FORMAT = dwarf;
				ENABLE_STRICT_OBJC_MSGSEND = YES;
				ENABLE_TESTABILITY = YES;
				GCC_C_LANGUAGE_STANDARD = gnu99;
				GCC_DYNAMIC_NO_PIC = NO;
				GCC_NO_COMMON_BLOCKS = YES;
				GCC_OPTIMIZATION_LEVEL = 0;
				GCC_PREPROCESSOR_DEFINITIONS = (
					"DEBUG=1",
					"$(inherited)",
				);
				GCC_WARN_64_TO_32_BIT_CONVERSION = YES;
				GCC_WARN_ABOUT_RETURN_TYPE = YES_ERROR;
				GCC_WARN_UNDECLARED_SELECTOR = YES;
				GCC_WARN_UNINITIALIZED_AUTOS = YES_AGGRESSIVE;
				GCC_WARN_UNUSED_FUNCTION = YES;
				GCC_WARN_UNUSED_VARIABLE = YES;
				IPHONEOS_DEPLOYMENT_TARGET = 10.3;
				MTL_ENABLE_DEBUG_INFO = YES;
				ONLY_ACTIVE_ARCH = YES;
				SDKROOT = iphoneos;
				SWIFT_ACTIVE_COMPILATION_CONDITIONS = DEBUG;
				SWIFT_OPTIMIZATION_LEVEL = "-Onone";
				TARGETED_DEVICE_FAMILY = "1,2";
			};
			name = Debug;
		};
		AB17435F1F6484C400CA9AB3 /* Release */ = {
			isa = XCBuildConfiguration;
			buildSettings = {
				ALWAYS_SEARCH_USER_PATHS = NO;
				CLANG_ANALYZER_NONNULL = YES;
				CLANG_ANALYZER_NUMBER_OBJECT_CONVERSION = YES_AGGRESSIVE;
				CLANG_CXX_LANGUAGE_STANDARD = "gnu++0x";
				CLANG_CXX_LIBRARY = "libc++";
				CLANG_ENABLE_MODULES = YES;
				CLANG_ENABLE_OBJC_ARC = YES;
				CLANG_WARN_BOOL_CONVERSION = YES;
				CLANG_WARN_CONSTANT_CONVERSION = YES;
				CLANG_WARN_DIRECT_OBJC_ISA_USAGE = YES_ERROR;
				CLANG_WARN_DOCUMENTATION_COMMENTS = YES;
				CLANG_WARN_EMPTY_BODY = YES;
				CLANG_WARN_ENUM_CONVERSION = YES;
				CLANG_WARN_INFINITE_RECURSION = YES;
				CLANG_WARN_INT_CONVERSION = YES;
				CLANG_WARN_OBJC_ROOT_CLASS = YES_ERROR;
				CLANG_WARN_SUSPICIOUS_MOVE = YES;
				CLANG_WARN_UNREACHABLE_CODE = YES;
				CLANG_WARN__DUPLICATE_METHOD_MATCH = YES;
				"CODE_SIGN_IDENTITY[sdk=iphoneos*]" = "iPhone Developer";
				COPY_PHASE_STRIP = NO;
				DEBUG_INFORMATION_FORMAT = "dwarf-with-dsym";
				ENABLE_NS_ASSERTIONS = NO;
				ENABLE_STRICT_OBJC_MSGSEND = YES;
				GCC_C_LANGUAGE_STANDARD = gnu99;
				GCC_NO_COMMON_BLOCKS = YES;
				GCC_WARN_64_TO_32_BIT_CONVERSION = YES;
				GCC_WARN_ABOUT_RETURN_TYPE = YES_ERROR;
				GCC_WARN_UNDECLARED_SELECTOR = YES;
				GCC_WARN_UNINITIALIZED_AUTOS = YES_AGGRESSIVE;
				GCC_WARN_UNUSED_FUNCTION = YES;
				GCC_WARN_UNUSED_VARIABLE = YES;
				IPHONEOS_DEPLOYMENT_TARGET = 10.3;
				MTL_ENABLE_DEBUG_INFO = NO;
				SDKROOT = iphoneos;
				SWIFT_OPTIMIZATION_LEVEL = "-Owholemodule";
				TARGETED_DEVICE_FAMILY = "1,2";
				VALIDATE_PRODUCT = YES;
			};
			name = Release;
		};
		AB1743611F6484C400CA9AB3 /* Debug */ = {
			isa = XCBuildConfiguration;
			buildSettings = {
				ASSETCATALOG_COMPILER_APPICON_NAME = AppIcon;
				INFOPLIST_FILE = PopoutAnimation/Info.plist;
				LD_RUNPATH_SEARCH_PATHS = "$(inherited) @executable_path/Frameworks";
				PRODUCT_BUNDLE_IDENTIFIER = bid.PopoutAnimation;
				PRODUCT_NAME = "$(TARGET_NAME)";
				SWIFT_VERSION = 3.0;
			};
			name = Debug;
		};
		AB1743621F6484C400CA9AB3 /* Release */ = {
			isa = XCBuildConfiguration;
			buildSettings = {
				ASSETCATALOG_COMPILER_APPICON_NAME = AppIcon;
				INFOPLIST_FILE = PopoutAnimation/Info.plist;
				LD_RUNPATH_SEARCH_PATHS = "$(inherited) @executable_path/Frameworks";
				PRODUCT_BUNDLE_IDENTIFIER = bid.PopoutAnimation;
				PRODUCT_NAME = "$(TARGET_NAME)";
				SWIFT_VERSION = 3.0;
			};
			name = Release;
		};
/* End XCBuildConfiguration section */

/* Begin XCConfigurationList section */
		AB1743491F6484C300CA9AB3 /* Build configuration list for PBXProject "PopoutAnimation" */ = {
			isa = XCConfigurationList;
			buildConfigurations = (
				AB17435E1F6484C400CA9AB3 /* Debug */,
				AB17435F1F6484C400CA9AB3 /* Release */,
			);
			defaultConfigurationIsVisible = 0;
			defaultConfigurationName = Release;
		};
		AB1743601F6484C400CA9AB3 /* Build configuration list for PBXNativeTarget "PopoutAnimation" */ = {
			isa = XCConfigurationList;
			buildConfigurations = (
				AB1743611F6484C400CA9AB3 /* Debug */,
				AB1743621F6484C400CA9AB3 /* Release */,
			);
			defaultConfigurationIsVisible = 0;
		};
/* End XCConfigurationList section */
	};
	rootObject = AB1743461F6484C300CA9AB3 /* Project object */;
}
